
Microsoft Visual Studio Solution File, Format Version 12.00
# Visual Studio Version 16
VisualStudioVersion = 16.0.810.2
MinimumVisualStudioVersion = 10.0.40219.1
Project("{FAE04EC0-301F-11D3-BF4B-00C04F79EFBC}") = "Task1", "Task1\Task1.csproj", "{8CA06535-C2B3-4A90-80C3-360698C3D4D8}"
EndProject
Project("{FAE04EC0-301F-11D3-BF4B-00C04F79EFBC}") = "Task2", "Task2\Task2.csproj", "{C80ED818-69CE-4A3E-A1FD-DD060506F091}"
EndProject
Project("{FAE04EC0-301F-11D3-BF4B-00C04F79EFBC}") = "Task3", "Task3\Task3.csproj", "{506FC0D4-1FE3-47E0-B60E-562BCB59A250}"
EndProject
Project("{FAE04EC0-301F-11D3-BF4B-00C04F79EFBC}") = "Task4", "Task4\Task4.csproj", "{944C0869-EEA7-4A73-A21E-9B07437F74A2}"
EndProject
Project("{FAE04EC0-301F-11D3-BF4B-00C04F79EFBC}") = "Task5", "Task5\Task5.csproj", "{CFEE9422-7FC2-4C39-8973-85FC880F09CF}"
EndProject
Project("{FAE04EC0-301F-11D3-BF4B-00C04F79EFBC}") = "Task6", "Task6\Task6.csproj", "{DFDD7855-FA32-41B5-8EDC-FF0E80E734B3}"
EndProject
Project("{FAE04EC0-301F-11D3-BF4B-00C04F79EFBC}") = "Task7", "Task7\Task7.csproj", "{86A77C97-0C0D-453B-AE8A-B70EBB7302E0}"
EndProject
Project("{FAE04EC0-301F-11D3-BF4B-00C04F79EFBC}") = "Task8", "Task8\Task8.csproj", "{48C51DC7-3566-4B75-A105-C155EB100496}"
EndProject
Project("{FAE04EC0-301F-11D3-BF4B-00C04F79EFBC}") = "Task9", "Task9\Task9.csproj", "{A52F88A1-1BF4-4EDA-89FC-DD69C9EF39C0}"
EndProject
Project("{FAE04EC0-301F-11D3-BF4B-00C04F79EFBC}") = "Task10", "Task10\Task10.csproj", "{C1E7A87E-B3B7-44EF-8263-EFFFFD10C30A}"
EndProject
Project("{FAE04EC0-301F-11D3-BF4B-00C04F79EFBC}") = "Task11", "Task11\Task11.csproj", "{4EE2D946-0786-4247-8A11-3F8041B4A063}"
EndProject
Project("{FAE04EC0-301F-11D3-BF4B-00C04F79EFBC}") = "Task12", "Task12\Task12.csproj", "{8C18B61F-2AD1-4FE5-9C34-A6FE8C0BE0F6}"
EndProject
Global
	GlobalSection(SolutionConfigurationPlatforms) = preSolution
		Debug|Any CPU = Debug|Any CPU
		Release|Any CPU = Release|Any CPU
	EndGlobalSection
	GlobalSection(ProjectConfigurationPlatforms) = postSolution
		{8CA06535-C2B3-4A90-80C3-360698C3D4D8}.Debug|Any CPU.ActiveCfg = Debug|Any CPU
		{8CA06535-C2B3-4A90-80C3-360698C3D4D8}.Debug|Any CPU.Build.0 = Debug|Any CPU
		{8CA06535-C2B3-4A90-80C3-360698C3D4D8}.Release|Any CPU.ActiveCfg = Release|Any CPU
		{8CA06535-C2B3-4A90-80C3-360698C3D4D8}.Release|Any CPU.Build.0 = Release|Any CPU
		{C80ED818-69CE-4A3E-A1FD-DD060506F091}.Debug|Any CPU.ActiveCfg = Debug|Any CPU
		{C80ED818-69CE-4A3E-A1FD-DD060506F091}.Debug|Any CPU.Build.0 = Debug|Any CPU
		{C80ED818-69CE-4A3E-A1FD-DD060506F091}.Release|Any CPU.ActiveCfg = Release|Any CPU
		{C80ED818-69CE-4A3E-A1FD-DD060506F091}.Release|Any CPU.Build.0 = Release|Any CPU
		{506FC0D4-1FE3-47E0-B60E-562BCB59A250}.Debug|Any CPU.ActiveCfg = Debug|Any CPU
		{506FC0D4-1FE3-47E0-B60E-562BCB59A250}.Debug|Any CPU.Build.0 = Debug|Any CPU
		{506FC0D4-1FE3-47E0-B60E-562BCB59A250}.Release|Any CPU.ActiveCfg = Release|Any CPU
		{506FC0D4-1FE3-47E0-B60E-562BCB59A250}.Release|Any CPU.Build.0 = Release|Any CPU
		{944C0869-EEA7-4A73-A21E-9B07437F74A2}.Debug|Any CPU.ActiveCfg = Debug|Any CPU
		{944C0869-EEA7-4A73-A21E-9B07437F74A2}.Debug|Any CPU.Build.0 = Debug|Any CPU
		{944C0869-EEA7-4A73-A21E-9B07437F74A2}.Release|Any CPU.ActiveCfg = Release|Any CPU
		{944C0869-EEA7-4A73-A21E-9B07437F74A2}.Release|Any CPU.Build.0 = Release|Any CPU
		{CFEE9422-7FC2-4C39-8973-85FC880F09CF}.Debug|Any CPU.ActiveCfg = Debug|Any CPU
		{CFEE9422-7FC2-4C39-8973-85FC880F09CF}.Debug|Any CPU.Build.0 = Debug|Any CPU
		{CFEE9422-7FC2-4C39-8973-85FC880F09CF}.Release|Any CPU.ActiveCfg = Release|Any CPU
		{CFEE9422-7FC2-4C39-8973-85FC880F09CF}.Release|Any CPU.Build.0 = Release|Any CPU
		{DFDD7855-FA32-41B5-8EDC-FF0E80E734B3}.Debug|Any CPU.ActiveCfg = Debug|Any CPU
		{DFDD7855-FA32-41B5-8EDC-FF0E80E734B3}.Debug|Any CPU.Build.0 = Debug|Any CPU
		{DFDD7855-FA32-41B5-8EDC-FF0E80E734B3}.Release|Any CPU.ActiveCfg = Release|Any CPU
		{DFDD7855-FA32-41B5-8EDC-FF0E80E734B3}.Release|Any CPU.Build.0 = Release|Any CPU
		{86A77C97-0C0D-453B-AE8A-B70EBB7302E0}.Debug|Any CPU.ActiveCfg = Debug|Any CPU
		{86A77C97-0C0D-453B-AE8A-B70EBB7302E0}.Debug|Any CPU.Build.0 = Debug|Any CPU
		{86A77C97-0C0D-453B-AE8A-B70EBB7302E0}.Release|Any CPU.ActiveCfg = Release|Any CPU
		{86A77C97-0C0D-453B-AE8A-B70EBB7302E0}.Release|Any CPU.Build.0 = Release|Any CPU
		{48C51DC7-3566-4B75-A105-C155EB100496}.Debug|Any CPU.ActiveCfg = Debug|Any CPU
		{48C51DC7-3566-4B75-A105-C155EB100496}.Debug|Any CPU.Build.0 = Debug|Any CPU
		{48C51DC7-3566-4B75-A105-C155EB100496}.Release|Any CPU.ActiveCfg = Release|Any CPU
		{48C51DC7-3566-4B75-A105-C155EB100496}.Release|Any CPU.Build.0 = Release|Any CPU
		{A52F88A1-1BF4-4EDA-89FC-DD69C9EF39C0}.Debug|Any CPU.ActiveCfg = Debug|Any CPU
		{A52F88A1-1BF4-4EDA-89FC-DD69C9EF39C0}.Debug|Any CPU.Build.0 = Debug|Any CPU
		{A52F88A1-1BF4-4EDA-89FC-DD69C9EF39C0}.Release|Any CPU.ActiveCfg = Release|Any CPU
		{A52F88A1-1BF4-4EDA-89FC-DD69C9EF39C0}.Release|Any CPU.Build.0 = Release|Any CPU
		{C1E7A87E-B3B7-44EF-8263-EFFFFD10C30A}.Debug|Any CPU.ActiveCfg = Debug|Any CPU
		{C1E7A87E-B3B7-44EF-8263-EFFFFD10C30A}.Debug|Any CPU.Build.0 = Debug|Any CPU
		{C1E7A87E-B3B7-44EF-8263-EFFFFD10C30A}.Release|Any CPU.ActiveCfg = Release|Any CPU
		{C1E7A87E-B3B7-44EF-8263-EFFFFD10C30A}.Release|Any CPU.Build.0 = Release|Any CPU
		{4EE2D946-0786-4247-8A11-3F8041B4A063}.Debug|Any CPU.ActiveCfg = Debug|Any CPU
		{4EE2D946-0786-4247-8A11-3F8041B4A063}.Debug|Any CPU.Build.0 = Debug|Any CPU
		{4EE2D946-0786-4247-8A11-3F8041B4A063}.Release|Any CPU.ActiveCfg = Release|Any CPU
		{4EE2D946-0786-4247-8A11-3F8041B4A063}.Release|Any CPU.Build.0 = Release|Any CPU
		{8C18B61F-2AD1-4FE5-9C34-A6FE8C0BE0F6}.Debug|Any CPU.ActiveCfg = Debug|Any CPU
		{8C18B61F-2AD1-4FE5-9C34-A6FE8C0BE0F6}.Debug|Any CPU.Build.0 = Debug|Any CPU
		{8C18B61F-2AD1-4FE5-9C34-A6FE8C0BE0F6}.Release|Any CPU.ActiveCfg = Release|Any CPU
		{8C18B61F-2AD1-4FE5-9C34-A6FE8C0BE0F6}.Release|Any CPU.Build.0 = Release|Any CPU
	EndGlobalSection
	GlobalSection(SolutionProperties) = preSolution
		HideSolutionNode = FALSE
	EndGlobalSection
	GlobalSection(ExtensibilityGlobals) = postSolution
		SolutionGuid = {23858014-4748-49C8-A7AF-B3ED8BDD6559}
	EndGlobalSection
EndGlobal
