
Microsoft Visual Studio Solution File, Format Version 12.00
# Visual Studio Version 16
VisualStudioVersion = 16.0.810.2
MinimumVisualStudioVersion = 10.0.40219.1
Project("{FAE04EC0-301F-11D3-BF4B-00C04F79EFBC}") = "Task1", "Task1\Task1.csproj", "{061DDA5C-84B0-42C8-A70A-DFF5798A6D05}"
EndProject
Project("{FAE04EC0-301F-11D3-BF4B-00C04F79EFBC}") = "Task2", "Task2\Task2.csproj", "{535DFE00-FE33-4009-A20D-C25C8B6CD20E}"
EndProject
Project("{FAE04EC0-301F-11D3-BF4B-00C04F79EFBC}") = "Task3", "Task3\Task3.csproj", "{5370B518-E0FE-4192-83D9-A6139FEEA8F5}"
EndProject
Project("{FAE04EC0-301F-11D3-BF4B-00C04F79EFBC}") = "Task4", "Task4\Task4.csproj", "{5FAFE046-2D01-41F0-B0AA-B46D7367922E}"
EndProject
Project("{FAE04EC0-301F-11D3-BF4B-00C04F79EFBC}") = "Task5", "Task5\Task5.csproj", "{F2306362-5B06-45F0-BCBC-1867FB5536A6}"
EndProject
Project("{FAE04EC0-301F-11D3-BF4B-00C04F79EFBC}") = "Task6", "Task6\Task6.csproj", "{A0C5AA76-0A93-4E7A-AA83-BF498E4E67D3}"
EndProject
Global
	GlobalSection(SolutionConfigurationPlatforms) = preSolution
		Debug|Any CPU = Debug|Any CPU
		Release|Any CPU = Release|Any CPU
	EndGlobalSection
	GlobalSection(ProjectConfigurationPlatforms) = postSolution
		{061DDA5C-84B0-42C8-A70A-DFF5798A6D05}.Debug|Any CPU.ActiveCfg = Debug|Any CPU
		{061DDA5C-84B0-42C8-A70A-DFF5798A6D05}.Debug|Any CPU.Build.0 = Debug|Any CPU
		{061DDA5C-84B0-42C8-A70A-DFF5798A6D05}.Release|Any CPU.ActiveCfg = Release|Any CPU
		{061DDA5C-84B0-42C8-A70A-DFF5798A6D05}.Release|Any CPU.Build.0 = Release|Any CPU
		{535DFE00-FE33-4009-A20D-C25C8B6CD20E}.Debug|Any CPU.ActiveCfg = Debug|Any CPU
		{535DFE00-FE33-4009-A20D-C25C8B6CD20E}.Debug|Any CPU.Build.0 = Debug|Any CPU
		{535DFE00-FE33-4009-A20D-C25C8B6CD20E}.Release|Any CPU.ActiveCfg = Release|Any CPU
		{535DFE00-FE33-4009-A20D-C25C8B6CD20E}.Release|Any CPU.Build.0 = Release|Any CPU
		{5370B518-E0FE-4192-83D9-A6139FEEA8F5}.Debug|Any CPU.ActiveCfg = Debug|Any CPU
		{5370B518-E0FE-4192-83D9-A6139FEEA8F5}.Debug|Any CPU.Build.0 = Debug|Any CPU
		{5370B518-E0FE-4192-83D9-A6139FEEA8F5}.Release|Any CPU.ActiveCfg = Release|Any CPU
		{5370B518-E0FE-4192-83D9-A6139FEEA8F5}.Release|Any CPU.Build.0 = Release|Any CPU
		{5FAFE046-2D01-41F0-B0AA-B46D7367922E}.Debug|Any CPU.ActiveCfg = Debug|Any CPU
		{5FAFE046-2D01-41F0-B0AA-B46D7367922E}.Debug|Any CPU.Build.0 = Debug|Any CPU
		{5FAFE046-2D01-41F0-B0AA-B46D7367922E}.Release|Any CPU.ActiveCfg = Release|Any CPU
		{5FAFE046-2D01-41F0-B0AA-B46D7367922E}.Release|Any CPU.Build.0 = Release|Any CPU
		{F2306362-5B06-45F0-BCBC-1867FB5536A6}.Debug|Any CPU.ActiveCfg = Debug|Any CPU
		{F2306362-5B06-45F0-BCBC-1867FB5536A6}.Debug|Any CPU.Build.0 = Debug|Any CPU
		{F2306362-5B06-45F0-BCBC-1867FB5536A6}.Release|Any CPU.ActiveCfg = Release|Any CPU
		{F2306362-5B06-45F0-BCBC-1867FB5536A6}.Release|Any CPU.Build.0 = Release|Any CPU
		{A0C5AA76-0A93-4E7A-AA83-BF498E4E67D3}.Debug|Any CPU.ActiveCfg = Debug|Any CPU
		{A0C5AA76-0A93-4E7A-AA83-BF498E4E67D3}.Debug|Any CPU.Build.0 = Debug|Any CPU
		{A0C5AA76-0A93-4E7A-AA83-BF498E4E67D3}.Release|Any CPU.ActiveCfg = Release|Any CPU
		{A0C5AA76-0A93-4E7A-AA83-BF498E4E67D3}.Release|Any CPU.Build.0 = Release|Any CPU
	EndGlobalSection
	GlobalSection(SolutionProperties) = preSolution
		HideSolutionNode = FALSE
	EndGlobalSection
	GlobalSection(ExtensibilityGlobals) = postSolution
		SolutionGuid = {BFBFEAFD-2A4E-4665-B1F5-DA866738837F}
	EndGlobalSection
EndGlobal
