
Microsoft Visual Studio Solution File, Format Version 12.00
# Visual Studio Version 16
VisualStudioVersion = 16.0.810.2
MinimumVisualStudioVersion = 10.0.40219.1
Project("{FAE04EC0-301F-11D3-BF4B-00C04F79EFBC}") = "Task1", "Task1\Task1.csproj", "{039EBE39-665F-4AC9-A440-55F231F764D5}"
EndProject
Project("{FAE04EC0-301F-11D3-BF4B-00C04F79EFBC}") = "Task2", "Task2\Task2.csproj", "{2BDEB2A8-6A00-4DC8-A2CD-27CB109E7D05}"
EndProject
Project("{FAE04EC0-301F-11D3-BF4B-00C04F79EFBC}") = "Task3", "Task3\Task3.csproj", "{623FF322-2549-47D0-929F-560DB45DDA48}"
EndProject
Project("{FAE04EC0-301F-11D3-BF4B-00C04F79EFBC}") = "Task4", "Task4\Task4.csproj", "{F523F187-8155-4A40-AA17-3823916C00B2}"
EndProject
Project("{FAE04EC0-301F-11D3-BF4B-00C04F79EFBC}") = "Task5", "Task5\Task5.csproj", "{333F319D-96AA-4AC6-B56E-BAB36589A49C}"
EndProject
Global
	GlobalSection(SolutionConfigurationPlatforms) = preSolution
		Debug|Any CPU = Debug|Any CPU
		Release|Any CPU = Release|Any CPU
	EndGlobalSection
	GlobalSection(ProjectConfigurationPlatforms) = postSolution
		{039EBE39-665F-4AC9-A440-55F231F764D5}.Debug|Any CPU.ActiveCfg = Debug|Any CPU
		{039EBE39-665F-4AC9-A440-55F231F764D5}.Debug|Any CPU.Build.0 = Debug|Any CPU
		{039EBE39-665F-4AC9-A440-55F231F764D5}.Release|Any CPU.ActiveCfg = Release|Any CPU
		{039EBE39-665F-4AC9-A440-55F231F764D5}.Release|Any CPU.Build.0 = Release|Any CPU
		{2BDEB2A8-6A00-4DC8-A2CD-27CB109E7D05}.Debug|Any CPU.ActiveCfg = Debug|Any CPU
		{2BDEB2A8-6A00-4DC8-A2CD-27CB109E7D05}.Debug|Any CPU.Build.0 = Debug|Any CPU
		{2BDEB2A8-6A00-4DC8-A2CD-27CB109E7D05}.Release|Any CPU.ActiveCfg = Release|Any CPU
		{2BDEB2A8-6A00-4DC8-A2CD-27CB109E7D05}.Release|Any CPU.Build.0 = Release|Any CPU
		{623FF322-2549-47D0-929F-560DB45DDA48}.Debug|Any CPU.ActiveCfg = Debug|Any CPU
		{623FF322-2549-47D0-929F-560DB45DDA48}.Debug|Any CPU.Build.0 = Debug|Any CPU
		{623FF322-2549-47D0-929F-560DB45DDA48}.Release|Any CPU.ActiveCfg = Release|Any CPU
		{623FF322-2549-47D0-929F-560DB45DDA48}.Release|Any CPU.Build.0 = Release|Any CPU
		{F523F187-8155-4A40-AA17-3823916C00B2}.Debug|Any CPU.ActiveCfg = Debug|Any CPU
		{F523F187-8155-4A40-AA17-3823916C00B2}.Debug|Any CPU.Build.0 = Debug|Any CPU
		{F523F187-8155-4A40-AA17-3823916C00B2}.Release|Any CPU.ActiveCfg = Release|Any CPU
		{F523F187-8155-4A40-AA17-3823916C00B2}.Release|Any CPU.Build.0 = Release|Any CPU
		{333F319D-96AA-4AC6-B56E-BAB36589A49C}.Debug|Any CPU.ActiveCfg = Debug|Any CPU
		{333F319D-96AA-4AC6-B56E-BAB36589A49C}.Debug|Any CPU.Build.0 = Debug|Any CPU
		{333F319D-96AA-4AC6-B56E-BAB36589A49C}.Release|Any CPU.ActiveCfg = Release|Any CPU
		{333F319D-96AA-4AC6-B56E-BAB36589A49C}.Release|Any CPU.Build.0 = Release|Any CPU
	EndGlobalSection
	GlobalSection(SolutionProperties) = preSolution
		HideSolutionNode = FALSE
	EndGlobalSection
	GlobalSection(ExtensibilityGlobals) = postSolution
		SolutionGuid = {CBD55CB2-2B8D-48F8-92F5-BBB563F065AC}
	EndGlobalSection
EndGlobal
